{
  "name": "grimjs",
  "version": "0.1.0",
  "lockfileVersion": 3,
  "requires": true,
  "packages": {
    "": {
      "name": "grimjs",
      "version": "0.1.0",
      "license": "BSD-2-Clause",
      "dependencies": {
        "gmp-wasm": "^1.3.2",
        "immutable": "^4.3.7",
        "peggy": "^5.0.5",
        "pegjs": "^0.10.0",
        "prompt-sync": "^4.2.0"
      },
      "devDependencies": {
        "@types/node": "^24.0.15"
      }
    },
    "node_modules/@peggyjs/from-mem": {
      "version": "2.0.1",
      "resolved": "https://registry.npmjs.org/@peggyjs/from-mem/-/from-mem-2.0.1.tgz",
      "integrity": "sha512-5dAPJsLrb3KQahPb8kUqg9nGS2dKlMC4vCB3dMWoZIRqmPrNbBt6P6jidczFBoz+2EbFXBxXi0o9BUpEPHoD+g==",
      "license": "MIT",
      "dependencies": {
        "semver": "7.7.2"
      },
      "engines": {
        "node": ">=20"
      }
    },
    "node_modules/@types/node": {
      "version": "24.0.15",
      "resolved": "https://registry.npmjs.org/@types/node/-/node-24.0.15.tgz",
      "integrity": "sha512-oaeTSbCef7U/z7rDeJA138xpG3NuKc64/rZ2qmUFkFJmnMsAPaluIifqyWd8hSSMxyP9oie3dLAqYPblag9KgA==",
      "dev": true,
      "license": "MIT",
      "dependencies": {
        "undici-types": "~7.8.0"
      }
    },
    "node_modules/ansi-regex": {
      "version": "4.1.1",
      "resolved": "https://registry.npmjs.org/ansi-regex/-/ansi-regex-4.1.1.tgz",
      "integrity": "sha512-ILlv4k/3f6vfQ4OoP2AGvirOktlQ98ZEL1k9FaQjxa3L1abBgbuTDAdPOpvbGncC0BTVQrl+OM8xZGK6tWXt7g==",
      "license": "MIT",
      "engines": {
        "node": ">=6"
      }
    },
    "node_modules/commander": {
      "version": "14.0.0",
      "resolved": "https://registry.npmjs.org/commander/-/commander-14.0.0.tgz",
      "integrity": "sha512-2uM9rYjPvyq39NwLRqaiLtWHyDC1FvryJDa2ATTVims5YAS4PupsEQsDvP14FqhFr0P49CYDugi59xaxJlTXRA==",
      "license": "MIT",
      "engines": {
        "node": ">=20"
      }
    },
    "node_modules/gmp-wasm": {
      "version": "1.3.2",
      "resolved": "https://registry.npmjs.org/gmp-wasm/-/gmp-wasm-1.3.2.tgz",
      "integrity": "sha512-8Y7qVLLX8/0YzeHYueCHaw9D7sdnGViiGu7KeP9wATmuayoXW/FlGMsV80aBU5ryS2OwKfaCyjCSSPdxoe3E4A==",
      "license": "LGPL-3.0-only"
    },
    "node_modules/immutable": {
      "version": "4.3.7",
      "resolved": "https://registry.npmjs.org/immutable/-/immutable-4.3.7.tgz",
      "integrity": "sha512-1hqclzwYwjRDFLjcFxOM5AYkkG0rpFPpr1RLPMEuGczoS7YA8gLhy8SWXYRAA/XwfEHpfo3cw5JGioS32fnMRw==",
      "license": "MIT"
    },
    "node_modules/peggy": {
      "version": "5.0.5",
      "resolved": "https://registry.npmjs.org/peggy/-/peggy-5.0.5.tgz",
      "integrity": "sha512-YUF8WOj2bvKyhA3aMUYvgPx0OinTmzoNVV2UWwG/BSHfGtNzqBNnafOclCzzz2SrF3MeBQ01fK/oP4Wg6dWAvQ==",
      "license": "MIT",
      "dependencies": {
        "@peggyjs/from-mem": "2.0.1",
        "commander": "^14.0.0",
        "source-map-generator": "2.0.1"
      },
      "bin": {
        "peggy": "bin/peggy.js"
      },
      "engines": {
        "node": ">=20"
      }
    },
    "node_modules/pegjs": {
      "version": "0.10.0",
      "resolved": "https://registry.npmjs.org/pegjs/-/pegjs-0.10.0.tgz",
      "integrity": "sha512-qI5+oFNEGi3L5HAxDwN2LA4Gg7irF70Zs25edhjld9QemOgp0CbvMtbFcMvFtEo1OityPrcCzkQFB8JP/hxgow==",
      "license": "MIT",
      "bin": {
        "pegjs": "bin/pegjs"
      },
      "engines": {
        "node": ">=0.10"
      }
    },
    "node_modules/prompt-sync": {
      "version": "4.2.0",
      "resolved": "https://registry.npmjs.org/prompt-sync/-/prompt-sync-4.2.0.tgz",
      "integrity": "sha512-BuEzzc5zptP5LsgV5MZETjDaKSWfchl5U9Luiu8SKp7iZWD5tZalOxvNcZRwv+d2phNFr8xlbxmFNcRKfJOzJw==",
      "license": "MIT",
      "dependencies": {
        "strip-ansi": "^5.0.0"
      }
    },
    "node_modules/semver": {
      "version": "7.7.2",
      "resolved": "https://registry.npmjs.org/semver/-/semver-7.7.2.tgz",
      "integrity": "sha512-RF0Fw+rO5AMf9MAyaRXI4AV0Ulj5lMHqVxxdSgiVbixSCXoEmmX/jk0CuJw4+3SqroYO9VoUh+HcuJivvtJemA==",
      "license": "ISC",
      "bin": {
        "semver": "bin/semver.js"
      },
      "engines": {
        "node": ">=10"
      }
    },
    "node_modules/source-map-generator": {
      "version": "2.0.1",
      "resolved": "https://registry.npmjs.org/source-map-generator/-/source-map-generator-2.0.1.tgz",
      "integrity": "sha512-AtEu86XavXC2HD/bQVQoDbovnTRZE/0QMAAHn6RxALAoLOM3a47IG06TpsJK23BnCmjbTYNLwx2vUhgzRYgGMA==",
      "license": "BSD-3-Clause",
      "engines": {
        "node": ">=20"
      }
    },
    "node_modules/strip-ansi": {
      "version": "5.2.0",
      "resolved": "https://registry.npmjs.org/strip-ansi/-/strip-ansi-5.2.0.tgz",
      "integrity": "sha512-DuRs1gKbBqsMKIZlrffwlug8MHkcnpjs5VPmL1PAh+mA30U0DTotfDZ0d2UUsXpPmPmMMJ6W773MaA3J+lbiWA==",
      "license": "MIT",
      "dependencies": {
        "ansi-regex": "^4.1.0"
      },
      "engines": {
        "node": ">=6"
      }
    },
    "node_modules/undici-types": {
      "version": "7.8.0",
      "resolved": "https://registry.npmjs.org/undici-types/-/undici-types-7.8.0.tgz",
      "integrity": "sha512-9UJ2xGDvQ43tYyVMpuHlsgApydB8ZKfVYTsLDhXkFL/6gfkp+U8xTGdh8pMJv1SpZna0zxG1DwsKZsreLbXBxw==",
      "dev": true,
      "license": "MIT"
    }
  }
}
